
Microsoft Visual Studio Solution File, Format Version 12.00
# Visual Studio Version 16
VisualStudioVersion = 16.0.31729.503
MinimumVisualStudioVersion = 10.0.40219.1
Project("{FAE04EC0-301F-11D3-BF4B-00C04F79EFBC}") = "Credit Dharma", "Credit Dharma\Credit Dharma.csproj", "{345BE063-35D8-4855-BFD7-5170D697AB3D}"
EndProject
Global
	GlobalSection(SolutionConfigurationPlatforms) = preSolution
		Debug|Any CPU = Debug|Any CPU
		Release|Any CPU = Release|Any CPU
	EndGlobalSection
	GlobalSection(ProjectConfigurationPlatforms) = postSolution
		{345BE063-35D8-4855-BFD7-5170D697AB3D}.Debug|Any CPU.ActiveCfg = Debug|Any CPU
		{345BE063-35D8-4855-BFD7-5170D697AB3D}.Debug|Any CPU.Build.0 = Debug|Any CPU
		{345BE063-35D8-4855-BFD7-5170D697AB3D}.Release|Any CPU.ActiveCfg = Release|Any CPU
		{345BE063-35D8-4855-BFD7-5170D697AB3D}.Release|Any CPU.Build.0 = Release|Any CPU
	EndGlobalSection
	GlobalSection(SolutionProperties) = preSolution
		HideSolutionNode = FALSE
	EndGlobalSection
	GlobalSection(ExtensibilityGlobals) = postSolution
		SolutionGuid = {935AE867-E566-417B-A7D7-2EBF2387FB87}
	EndGlobalSection
EndGlobal
